// !$*UTF8*$!
{
	archiveVersion = 1;
	classes = {
	};
	objectVersion = 50;
	objects = {

/* Begin PBXBuildFile section */
		0D00DFE02322F8C400FF8EF5 /* Gliding.atlas in Resources */ = {isa = PBXBuildFile; fileRef = 0D00DFDF2322F8C400FF8EF5 /* Gliding.atlas */; };
		0D49E38823214E06009AE94E /* FloatingOnlyState.swift in Sources */ = {isa = PBXBuildFile; fileRef = 0D49E38723214E06009AE94E /* FloatingOnlyState.swift */; };
		1F37A8572322C2F400CFAF46 /* Jump.wav in Resources */ = {isa = PBXBuildFile; fileRef = 1F37A8562322C2F400CFAF46 /* Jump.wav */; };
		1F37A85B2322D79700CFAF46 /* Dash.wav in Resources */ = {isa = PBXBuildFile; fileRef = 1F37A85A2322D79700CFAF46 /* Dash.wav */; };
		1F37A85E2322E26C00CFAF46 /* Steps.wav in Resources */ = {isa = PBXBuildFile; fileRef = 1F37A85D2322E26B00CFAF46 /* Steps.wav */; };
		1F44B75923228BD500D89415 /* Sadness.wav in Resources */ = {isa = PBXBuildFile; fileRef = 1F44B75823228BD500D89415 /* Sadness.wav */; };
		1F44B75B23228BDA00D89415 /* Menu.wav in Resources */ = {isa = PBXBuildFile; fileRef = 1F44B75A23228BDA00D89415 /* Menu.wav */; };
		1F44B75D23228BE300D89415 /* Joy.wav in Resources */ = {isa = PBXBuildFile; fileRef = 1F44B75C23228BE300D89415 /* Joy.wav */; };
		1F44B75F23228BEA00D89415 /* Anger.wav in Resources */ = {isa = PBXBuildFile; fileRef = 1F44B75E23228BEA00D89415 /* Anger.wav */; };
		1F59B2642318134C004A56BC /* RockEntity.swift in Sources */ = {isa = PBXBuildFile; fileRef = 1F59B2632318134C004A56BC /* RockEntity.swift */; };
		1F59B26623181400004A56BC /* BreakComponent.swift in Sources */ = {isa = PBXBuildFile; fileRef = 1F59B26523181400004A56BC /* BreakComponent.swift */; };
		1FE4088F2305A2CD006331CC /* AppDelegate.swift in Sources */ = {isa = PBXBuildFile; fileRef = 1FE4088E2305A2CD006331CC /* AppDelegate.swift */; };
		1FE4089A2305A2CD006331CC /* Main.storyboard in Resources */ = {isa = PBXBuildFile; fileRef = 1FE408982305A2CD006331CC /* Main.storyboard */; };
		1FE4089C2305A2CF006331CC /* Assets.xcassets in Resources */ = {isa = PBXBuildFile; fileRef = 1FE4089B2305A2CF006331CC /* Assets.xcassets */; };
		1FE4089F2305A2CF006331CC /* LaunchScreen.storyboard in Resources */ = {isa = PBXBuildFile; fileRef = 1FE4089D2305A2CF006331CC /* LaunchScreen.storyboard */; };
		1FEE6457230EB73F0082DFB0 /* OrbEntity.swift in Sources */ = {isa = PBXBuildFile; fileRef = 1F676856230C2391008671F0 /* OrbEntity.swift */; };
		1FEE6458230EB7420082DFB0 /* OrbComponent.swift in Sources */ = {isa = PBXBuildFile; fileRef = 1F26B7C9230D7348001BBDCE /* OrbComponent.swift */; };
		560C1C64231E89B3002B820A /* PlayingState.swift in Sources */ = {isa = PBXBuildFile; fileRef = 560C1C63231E89B3002B820A /* PlayingState.swift */; };
		560C1C66231E9133002B820A /* JoyGoingUpState.swift in Sources */ = {isa = PBXBuildFile; fileRef = 560C1C65231E9133002B820A /* JoyGoingUpState.swift */; };
		560C1C68231E916F002B820A /* JoyGlidingState.swift in Sources */ = {isa = PBXBuildFile; fileRef = 560C1C67231E916F002B820A /* JoyGlidingState.swift */; };
		561920CA231FDACF00E86F44 /* BoostingDownState.swift in Sources */ = {isa = PBXBuildFile; fileRef = 561920C9231FDACF00E86F44 /* BoostingDownState.swift */; };
		561920CC231FE3AF00E86F44 /* SinkingState.swift in Sources */ = {isa = PBXBuildFile; fileRef = 561920CB231FE3AF00E86F44 /* SinkingState.swift */; };
		561920CE231FE56700E86F44 /* FloatingUpState.swift in Sources */ = {isa = PBXBuildFile; fileRef = 561920CD231FE56700E86F44 /* FloatingUpState.swift */; };
		561920D0231FE72400E86F44 /* WaterJoyState.swift in Sources */ = {isa = PBXBuildFile; fileRef = 561920CF231FE72400E86F44 /* WaterJoyState.swift */; };
		561920D2231FE74400E86F44 /* WaterSadState.swift in Sources */ = {isa = PBXBuildFile; fileRef = 561920D1231FE74400E86F44 /* WaterSadState.swift */; };
		561920D4231FE77200E86F44 /* WaterDashState.swift in Sources */ = {isa = PBXBuildFile; fileRef = 561920D3231FE77200E86F44 /* WaterDashState.swift */; };
		561920D6231FE79000E86F44 /* DashingState.swift in Sources */ = {isa = PBXBuildFile; fileRef = 561920D5231FE79000E86F44 /* DashingState.swift */; };
		562FF484230AE68B00D0838B /* SpriteComponent.swift in Sources */ = {isa = PBXBuildFile; fileRef = 562FF45C230AE68B00D0838B /* SpriteComponent.swift */; };
		562FF485230AE68B00D0838B /* MovementComponent.swift in Sources */ = {isa = PBXBuildFile; fileRef = 562FF45D230AE68B00D0838B /* MovementComponent.swift */; };
		562FF486230AE68B00D0838B /* GameScene.sks in Resources */ = {isa = PBXBuildFile; fileRef = 562FF45F230AE68B00D0838B /* GameScene.sks */; };
		562FF487230AE68B00D0838B /* PlayerEntity.swift in Sources */ = {isa = PBXBuildFile; fileRef = 562FF461230AE68B00D0838B /* PlayerEntity.swift */; };
		562FF488230AE68B00D0838B /* GameScene.swift in Sources */ = {isa = PBXBuildFile; fileRef = 562FF462230AE68B00D0838B /* GameScene.swift */; };
		562FF489230AE68B00D0838B /* GameViewController.swift in Sources */ = {isa = PBXBuildFile; fileRef = 562FF464230AE68B00D0838B /* GameViewController.swift */; };
		5642ADFC230F1AFF0065FBC0 /* Personagem.png in Resources */ = {isa = PBXBuildFile; fileRef = 5642ADFB230F1AFF0065FBC0 /* Personagem.png */; };
		56741D00230D89F6000393A5 /* CGPointExtensions.swift in Sources */ = {isa = PBXBuildFile; fileRef = 56741CFF230D89F6000393A5 /* CGPointExtensions.swift */; };
		6412B6DA232031E1005DF78B /* GettingUp.atlas in Resources */ = {isa = PBXBuildFile; fileRef = 6412B6CF232031E0005DF78B /* GettingUp.atlas */; };
		6412B6DB232031E1005DF78B /* SwimmingStart.atlas in Resources */ = {isa = PBXBuildFile; fileRef = 6412B6D0232031E0005DF78B /* SwimmingStart.atlas */; };
		6412B6DC232031E1005DF78B /* Walk.atlas in Resources */ = {isa = PBXBuildFile; fileRef = 6412B6D1232031E1005DF78B /* Walk.atlas */; };
		6412B6DD232031E1005DF78B /* Fall.atlas in Resources */ = {isa = PBXBuildFile; fileRef = 6412B6D2232031E1005DF78B /* Fall.atlas */; };
		6412B6DE232031E1005DF78B /* Floating.atlas in Resources */ = {isa = PBXBuildFile; fileRef = 6412B6D3232031E1005DF78B /* Floating.atlas */; };
		6412B6DF232031E2005DF78B /* Jump.atlas in Resources */ = {isa = PBXBuildFile; fileRef = 6412B6D4232031E1005DF78B /* Jump.atlas */; };
		6412B6E0232031E2005DF78B /* Swimming.atlas in Resources */ = {isa = PBXBuildFile; fileRef = 6412B6D5232031E1005DF78B /* Swimming.atlas */; };
		6412B6E1232031E2005DF78B /* Fly.atlas in Resources */ = {isa = PBXBuildFile; fileRef = 6412B6D6232031E1005DF78B /* Fly.atlas */; };
		6412B6E2232031E2005DF78B /* Heavy.atlas in Resources */ = {isa = PBXBuildFile; fileRef = 6412B6D7232031E1005DF78B /* Heavy.atlas */; };
		6412B6E3232031E2005DF78B /* Dash.atlas in Resources */ = {isa = PBXBuildFile; fileRef = 6412B6D8232031E1005DF78B /* Dash.atlas */; };
		6412B6E4232031E2005DF78B /* Falling.atlas in Resources */ = {isa = PBXBuildFile; fileRef = 6412B6D9232031E1005DF78B /* Falling.atlas */; };
		6412B6E723203225005DF78B /* AssetsUtil.swift in Sources */ = {isa = PBXBuildFile; fileRef = 6412B6E623203225005DF78B /* AssetsUtil.swift */; };
/* End PBXBuildFile section */

/* Begin PBXFileReference section */
		0D00DFDF2322F8C400FF8EF5 /* Gliding.atlas */ = {isa = PBXFileReference; lastKnownFileType = folder.skatlas; path = Gliding.atlas; sourceTree = "<group>"; };
		0D49E38723214E06009AE94E /* FloatingOnlyState.swift */ = {isa = PBXFileReference; lastKnownFileType = sourcecode.swift; path = FloatingOnlyState.swift; sourceTree = "<group>"; };
		1F26B7C9230D7348001BBDCE /* OrbComponent.swift */ = {isa = PBXFileReference; lastKnownFileType = sourcecode.swift; path = OrbComponent.swift; sourceTree = "<group>"; };
		1F37A8562322C2F400CFAF46 /* Jump.wav */ = {isa = PBXFileReference; lastKnownFileType = audio.wav; path = Jump.wav; sourceTree = "<group>"; };
		1F37A85A2322D79700CFAF46 /* Dash.wav */ = {isa = PBXFileReference; lastKnownFileType = audio.wav; path = Dash.wav; sourceTree = "<group>"; };
		1F37A85D2322E26B00CFAF46 /* Steps.wav */ = {isa = PBXFileReference; lastKnownFileType = audio.wav; path = Steps.wav; sourceTree = "<group>"; };
		1F44B75823228BD500D89415 /* Sadness.wav */ = {isa = PBXFileReference; lastKnownFileType = audio.wav; path = Sadness.wav; sourceTree = "<group>"; };
		1F44B75A23228BDA00D89415 /* Menu.wav */ = {isa = PBXFileReference; lastKnownFileType = audio.wav; path = Menu.wav; sourceTree = "<group>"; };
		1F44B75C23228BE300D89415 /* Joy.wav */ = {isa = PBXFileReference; lastKnownFileType = audio.wav; path = Joy.wav; sourceTree = "<group>"; };
		1F44B75E23228BEA00D89415 /* Anger.wav */ = {isa = PBXFileReference; lastKnownFileType = audio.wav; path = Anger.wav; sourceTree = "<group>"; };
		1F59B2632318134C004A56BC /* RockEntity.swift */ = {isa = PBXFileReference; lastKnownFileType = sourcecode.swift; path = RockEntity.swift; sourceTree = "<group>"; };
		1F59B26523181400004A56BC /* BreakComponent.swift */ = {isa = PBXFileReference; lastKnownFileType = sourcecode.swift; path = BreakComponent.swift; sourceTree = "<group>"; };
		1F676856230C2391008671F0 /* OrbEntity.swift */ = {isa = PBXFileReference; lastKnownFileType = sourcecode.swift; path = OrbEntity.swift; sourceTree = "<group>"; };
		1FE4088B2305A2CD006331CC /* Muffin.app */ = {isa = PBXFileReference; explicitFileType = wrapper.application; includeInIndex = 0; path = Muffin.app; sourceTree = BUILT_PRODUCTS_DIR; };
		1FE4088E2305A2CD006331CC /* AppDelegate.swift */ = {isa = PBXFileReference; lastKnownFileType = sourcecode.swift; path = AppDelegate.swift; sourceTree = "<group>"; };
		1FE408992305A2CD006331CC /* Base */ = {isa = PBXFileReference; lastKnownFileType = file.storyboard; name = Base; path = Base.lproj/Main.storyboard; sourceTree = "<group>"; };
		1FE4089B2305A2CF006331CC /* Assets.xcassets */ = {isa = PBXFileReference; lastKnownFileType = folder.assetcatalog; path = Assets.xcassets; sourceTree = "<group>"; };
		1FE4089E2305A2CF006331CC /* Base */ = {isa = PBXFileReference; lastKnownFileType = file.storyboard; name = Base; path = Base.lproj/LaunchScreen.storyboard; sourceTree = "<group>"; };
		1FE408A02305A2CF006331CC /* Info.plist */ = {isa = PBXFileReference; lastKnownFileType = text.plist.xml; path = Info.plist; sourceTree = "<group>"; };
		560C1C63231E89B3002B820A /* PlayingState.swift */ = {isa = PBXFileReference; lastKnownFileType = sourcecode.swift; path = PlayingState.swift; sourceTree = "<group>"; };
		560C1C65231E9133002B820A /* JoyGoingUpState.swift */ = {isa = PBXFileReference; lastKnownFileType = sourcecode.swift; path = JoyGoingUpState.swift; sourceTree = "<group>"; };
		560C1C67231E916F002B820A /* JoyGlidingState.swift */ = {isa = PBXFileReference; lastKnownFileType = sourcecode.swift; path = JoyGlidingState.swift; sourceTree = "<group>"; };
		561920C9231FDACF00E86F44 /* BoostingDownState.swift */ = {isa = PBXFileReference; lastKnownFileType = sourcecode.swift; path = BoostingDownState.swift; sourceTree = "<group>"; };
		561920CB231FE3AF00E86F44 /* SinkingState.swift */ = {isa = PBXFileReference; lastKnownFileType = sourcecode.swift; path = SinkingState.swift; sourceTree = "<group>"; };
		561920CD231FE56700E86F44 /* FloatingUpState.swift */ = {isa = PBXFileReference; lastKnownFileType = sourcecode.swift; path = FloatingUpState.swift; sourceTree = "<group>"; };
		561920CF231FE72400E86F44 /* WaterJoyState.swift */ = {isa = PBXFileReference; lastKnownFileType = sourcecode.swift; path = WaterJoyState.swift; sourceTree = "<group>"; };
		561920D1231FE74400E86F44 /* WaterSadState.swift */ = {isa = PBXFileReference; lastKnownFileType = sourcecode.swift; path = WaterSadState.swift; sourceTree = "<group>"; };
		561920D3231FE77200E86F44 /* WaterDashState.swift */ = {isa = PBXFileReference; lastKnownFileType = sourcecode.swift; path = WaterDashState.swift; sourceTree = "<group>"; };
		561920D5231FE79000E86F44 /* DashingState.swift */ = {isa = PBXFileReference; lastKnownFileType = sourcecode.swift; path = DashingState.swift; sourceTree = "<group>"; };
		562FF45C230AE68B00D0838B /* SpriteComponent.swift */ = {isa = PBXFileReference; fileEncoding = 4; lastKnownFileType = sourcecode.swift; path = SpriteComponent.swift; sourceTree = "<group>"; };
		562FF45D230AE68B00D0838B /* MovementComponent.swift */ = {isa = PBXFileReference; fileEncoding = 4; lastKnownFileType = sourcecode.swift; path = MovementComponent.swift; sourceTree = "<group>"; };
		562FF45F230AE68B00D0838B /* GameScene.sks */ = {isa = PBXFileReference; lastKnownFileType = file.sks; path = GameScene.sks; sourceTree = "<group>"; };
		562FF461230AE68B00D0838B /* PlayerEntity.swift */ = {isa = PBXFileReference; fileEncoding = 4; lastKnownFileType = sourcecode.swift; path = PlayerEntity.swift; sourceTree = "<group>"; };
		562FF462230AE68B00D0838B /* GameScene.swift */ = {isa = PBXFileReference; fileEncoding = 4; lastKnownFileType = sourcecode.swift; path = GameScene.swift; sourceTree = "<group>"; };
		562FF464230AE68B00D0838B /* GameViewController.swift */ = {isa = PBXFileReference; fileEncoding = 4; lastKnownFileType = sourcecode.swift; path = GameViewController.swift; sourceTree = "<group>"; };
		5642ADFB230F1AFF0065FBC0 /* Personagem.png */ = {isa = PBXFileReference; lastKnownFileType = image.png; path = Personagem.png; sourceTree = "<group>"; };
		56741CFF230D89F6000393A5 /* CGPointExtensions.swift */ = {isa = PBXFileReference; fileEncoding = 4; lastKnownFileType = sourcecode.swift; name = CGPointExtensions.swift; path = Muffin/CGPointExtensions.swift; sourceTree = SOURCE_ROOT; };
		6412B6CF232031E0005DF78B /* GettingUp.atlas */ = {isa = PBXFileReference; lastKnownFileType = folder.skatlas; path = GettingUp.atlas; sourceTree = "<group>"; };
		6412B6D0232031E0005DF78B /* SwimmingStart.atlas */ = {isa = PBXFileReference; lastKnownFileType = folder.skatlas; path = SwimmingStart.atlas; sourceTree = "<group>"; };
		6412B6D1232031E1005DF78B /* Walk.atlas */ = {isa = PBXFileReference; lastKnownFileType = folder.skatlas; path = Walk.atlas; sourceTree = "<group>"; };
		6412B6D2232031E1005DF78B /* Fall.atlas */ = {isa = PBXFileReference; lastKnownFileType = folder.skatlas; path = Fall.atlas; sourceTree = "<group>"; };
		6412B6D3232031E1005DF78B /* Floating.atlas */ = {isa = PBXFileReference; lastKnownFileType = folder.skatlas; path = Floating.atlas; sourceTree = "<group>"; };
		6412B6D4232031E1005DF78B /* Jump.atlas */ = {isa = PBXFileReference; lastKnownFileType = folder.skatlas; path = Jump.atlas; sourceTree = "<group>"; };
		6412B6D5232031E1005DF78B /* Swimming.atlas */ = {isa = PBXFileReference; lastKnownFileType = folder.skatlas; path = Swimming.atlas; sourceTree = "<group>"; };
		6412B6D6232031E1005DF78B /* Fly.atlas */ = {isa = PBXFileReference; lastKnownFileType = folder.skatlas; path = Fly.atlas; sourceTree = "<group>"; };
		6412B6D7232031E1005DF78B /* Heavy.atlas */ = {isa = PBXFileReference; lastKnownFileType = folder.skatlas; path = Heavy.atlas; sourceTree = "<group>"; };
		6412B6D8232031E1005DF78B /* Dash.atlas */ = {isa = PBXFileReference; lastKnownFileType = folder.skatlas; path = Dash.atlas; sourceTree = "<group>"; };
		6412B6D9232031E1005DF78B /* Falling.atlas */ = {isa = PBXFileReference; lastKnownFileType = folder.skatlas; path = Falling.atlas; sourceTree = "<group>"; };
		6412B6E623203225005DF78B /* AssetsUtil.swift */ = {isa = PBXFileReference; lastKnownFileType = sourcecode.swift; path = AssetsUtil.swift; sourceTree = "<group>"; };
/* End PBXFileReference section */

/* Begin PBXFrameworksBuildPhase section */
		1FE408882305A2CD006331CC /* Frameworks */ = {
			isa = PBXFrameworksBuildPhase;
			buildActionMask = 2147483647;
			files = (
			);
			runOnlyForDeploymentPostprocessing = 0;
		};
/* End PBXFrameworksBuildPhase section */

/* Begin PBXGroup section */
		1F44B75623228BC000D89415 /* SFX */ = {
			isa = PBXGroup;
			children = (
				1F37A85D2322E26B00CFAF46 /* Steps.wav */,
				1F37A85A2322D79700CFAF46 /* Dash.wav */,
				1F37A8562322C2F400CFAF46 /* Jump.wav */,
				1F44B75723228BC700D89415 /* Music */,
			);
			path = SFX;
			sourceTree = "<group>";
		};
		1F44B75723228BC700D89415 /* Music */ = {
			isa = PBXGroup;
			children = (
				1F44B75E23228BEA00D89415 /* Anger.wav */,
				1F44B75C23228BE300D89415 /* Joy.wav */,
				1F44B75A23228BDA00D89415 /* Menu.wav */,
				1F44B75823228BD500D89415 /* Sadness.wav */,
			);
			path = Music;
			sourceTree = "<group>";
		};
		1FE408822305A2CD006331CC = {
			isa = PBXGroup;
			children = (
				1FE4088D2305A2CD006331CC /* Muffin */,
				1FE4088C2305A2CD006331CC /* Products */,
			);
			sourceTree = "<group>";
		};
		1FE4088C2305A2CD006331CC /* Products */ = {
			isa = PBXGroup;
			children = (
				1FE4088B2305A2CD006331CC /* Muffin.app */,
			);
			name = Products;
			sourceTree = "<group>";
		};
		1FE4088D2305A2CD006331CC /* Muffin */ = {
			isa = PBXGroup;
			children = (
				6412B6E5232031EF005DF78B /* Utils */,
				6412B6CE232031D4005DF78B /* Sprites */,
				1FE4088E2305A2CD006331CC /* AppDelegate.swift */,
				560C1C62231E8990002B820A /* GameStates */,
				562FF45B230AE68B00D0838B /* Components */,
				562FF460230AE68B00D0838B /* Entities */,
				562FF462230AE68B00D0838B /* GameScene.swift */,
				562FF464230AE68B00D0838B /* GameViewController.swift */,
				562FF45E230AE68B00D0838B /* Scenes */,
				1FE408982305A2CD006331CC /* Main.storyboard */,
				1FE4089B2305A2CF006331CC /* Assets.xcassets */,
				1FE4089D2305A2CF006331CC /* LaunchScreen.storyboard */,
				1FE408A02305A2CF006331CC /* Info.plist */,
				56741CFF230D89F6000393A5 /* CGPointExtensions.swift */,
				562FF465230AE68B00D0838B /* Resources */,
			);
			path = Muffin;
			sourceTree = "<group>";
		};
		560C1C62231E8990002B820A /* GameStates */ = {
			isa = PBXGroup;
			children = (
				560C1C63231E89B3002B820A /* PlayingState.swift */,
				560C1C65231E9133002B820A /* JoyGoingUpState.swift */,
				560C1C67231E916F002B820A /* JoyGlidingState.swift */,
				561920C9231FDACF00E86F44 /* BoostingDownState.swift */,
				561920CB231FE3AF00E86F44 /* SinkingState.swift */,
				561920CD231FE56700E86F44 /* FloatingUpState.swift */,
				0D49E38723214E06009AE94E /* FloatingOnlyState.swift */,
				561920CF231FE72400E86F44 /* WaterJoyState.swift */,
				561920D1231FE74400E86F44 /* WaterSadState.swift */,
				561920D3231FE77200E86F44 /* WaterDashState.swift */,
				561920D5231FE79000E86F44 /* DashingState.swift */,
			);
			path = GameStates;
			sourceTree = "<group>";
		};
		562FF45B230AE68B00D0838B /* Components */ = {
			isa = PBXGroup;
			children = (
				562FF45C230AE68B00D0838B /* SpriteComponent.swift */,
				562FF45D230AE68B00D0838B /* MovementComponent.swift */,
				1F26B7C9230D7348001BBDCE /* OrbComponent.swift */,
				1F59B26523181400004A56BC /* BreakComponent.swift */,
			);
			path = Components;
			sourceTree = "<group>";
		};
		562FF45E230AE68B00D0838B /* Scenes */ = {
			isa = PBXGroup;
			children = (
				562FF45F230AE68B00D0838B /* GameScene.sks */,
			);
			path = Scenes;
			sourceTree = "<group>";
		};
		562FF460230AE68B00D0838B /* Entities */ = {
			isa = PBXGroup;
			children = (
				1F59B2632318134C004A56BC /* RockEntity.swift */,
				562FF461230AE68B00D0838B /* PlayerEntity.swift */,
				1F676856230C2391008671F0 /* OrbEntity.swift */,
			);
			path = Entities;
			sourceTree = "<group>";
		};
		562FF465230AE68B00D0838B /* Resources */ = {
			isa = PBXGroup;
			children = (
				1F44B75623228BC000D89415 /* SFX */,
				5642ADFB230F1AFF0065FBC0 /* Personagem.png */,
			);
			path = Resources;
			sourceTree = "<group>";
		};
		6412B6CE232031D4005DF78B /* Sprites */ = {
			isa = PBXGroup;
			children = (
				6412B6D8232031E1005DF78B /* Dash.atlas */,
				6412B6D2232031E1005DF78B /* Fall.atlas */,
				6412B6D9232031E1005DF78B /* Falling.atlas */,
				6412B6D3232031E1005DF78B /* Floating.atlas */,
				6412B6D6232031E1005DF78B /* Fly.atlas */,
				6412B6CF232031E0005DF78B /* GettingUp.atlas */,
				0D00DFDF2322F8C400FF8EF5 /* Gliding.atlas */,
				6412B6D7232031E1005DF78B /* Heavy.atlas */,
				6412B6D4232031E1005DF78B /* Jump.atlas */,
				6412B6D5232031E1005DF78B /* Swimming.atlas */,
				6412B6D0232031E0005DF78B /* SwimmingStart.atlas */,
				6412B6D1232031E1005DF78B /* Walk.atlas */,
			);
			path = Sprites;
			sourceTree = "<group>";
		};
		6412B6E5232031EF005DF78B /* Utils */ = {
			isa = PBXGroup;
			children = (
				6412B6E623203225005DF78B /* AssetsUtil.swift */,
			);
			path = Utils;
			sourceTree = "<group>";
		};
/* End PBXGroup section */

/* Begin PBXNativeTarget section */
		1FE4088A2305A2CD006331CC /* Muffin */ = {
			isa = PBXNativeTarget;
			buildConfigurationList = 1FE408A32305A2CF006331CC /* Build configuration list for PBXNativeTarget "Muffin" */;
			buildPhases = (
				1FE408872305A2CD006331CC /* Sources */,
				1FE408882305A2CD006331CC /* Frameworks */,
				1FE408892305A2CD006331CC /* Resources */,
			);
			buildRules = (
			);
			dependencies = (
			);
			name = Muffin;
			productName = Muffin;
			productReference = 1FE4088B2305A2CD006331CC /* Muffin.app */;
			productType = "com.apple.product-type.application";
		};
/* End PBXNativeTarget section */

/* Begin PBXProject section */
		1FE408832305A2CD006331CC /* Project object */ = {
			isa = PBXProject;
			attributes = {
				LastSwiftUpdateCheck = 1030;
				LastUpgradeCheck = 1030;
				ORGANIZATIONNAME = "Juba-Juba";
				TargetAttributes = {
					1FE4088A2305A2CD006331CC = {
						CreatedOnToolsVersion = 10.3;
					};
				};
			};
			buildConfigurationList = 1FE408862305A2CD006331CC /* Build configuration list for PBXProject "Muffin" */;
			compatibilityVersion = "Xcode 9.3";
			developmentRegion = en;
			hasScannedForEncodings = 0;
			knownRegions = (
				en,
				Base,
			);
			mainGroup = 1FE408822305A2CD006331CC;
			productRefGroup = 1FE4088C2305A2CD006331CC /* Products */;
			projectDirPath = "";
			projectRoot = "";
			targets = (
				1FE4088A2305A2CD006331CC /* Muffin */,
			);
		};
/* End PBXProject section */

/* Begin PBXResourcesBuildPhase section */
		1FE408892305A2CD006331CC /* Resources */ = {
			isa = PBXResourcesBuildPhase;
			buildActionMask = 2147483647;
			files = (
				1F44B75D23228BE300D89415 /* Joy.wav in Resources */,
				1F44B75F23228BEA00D89415 /* Anger.wav in Resources */,
				6412B6E3232031E2005DF78B /* Dash.atlas in Resources */,
				6412B6E1232031E2005DF78B /* Fly.atlas in Resources */,
				5642ADFC230F1AFF0065FBC0 /* Personagem.png in Resources */,
				6412B6DC232031E1005DF78B /* Walk.atlas in Resources */,
				562FF486230AE68B00D0838B /* GameScene.sks in Resources */,
				6412B6E2232031E2005DF78B /* Heavy.atlas in Resources */,
				6412B6E4232031E2005DF78B /* Falling.atlas in Resources */,
				1F37A8572322C2F400CFAF46 /* Jump.wav in Resources */,
				1F37A85B2322D79700CFAF46 /* Dash.wav in Resources */,
				6412B6DA232031E1005DF78B /* GettingUp.atlas in Resources */,
				6412B6DD232031E1005DF78B /* Fall.atlas in Resources */,
				1FE4089A2305A2CD006331CC /* Main.storyboard in Resources */,
				0D00DFE02322F8C400FF8EF5 /* Gliding.atlas in Resources */,
				6412B6E0232031E2005DF78B /* Swimming.atlas in Resources */,
				6412B6DB232031E1005DF78B /* SwimmingStart.atlas in Resources */,
				6412B6DE232031E1005DF78B /* Floating.atlas in Resources */,
				1F44B75923228BD500D89415 /* Sadness.wav in Resources */,
				1F37A85E2322E26C00CFAF46 /* Steps.wav in Resources */,
				1F44B75B23228BDA00D89415 /* Menu.wav in Resources */,
				6412B6DF232031E2005DF78B /* Jump.atlas in Resources */,
				1FE4089C2305A2CF006331CC /* Assets.xcassets in Resources */,
				1FE4089F2305A2CF006331CC /* LaunchScreen.storyboard in Resources */,
			);
			runOnlyForDeploymentPostprocessing = 0;
		};
/* End PBXResourcesBuildPhase section */

/* Begin PBXSourcesBuildPhase section */
		1FE408872305A2CD006331CC /* Sources */ = {
			isa = PBXSourcesBuildPhase;
			buildActionMask = 2147483647;
			files = (
				1FEE6458230EB7420082DFB0 /* OrbComponent.swift in Sources */,
				560C1C68231E916F002B820A /* JoyGlidingState.swift in Sources */,
				562FF488230AE68B00D0838B /* GameScene.swift in Sources */,
				562FF484230AE68B00D0838B /* SpriteComponent.swift in Sources */,
				1F59B26623181400004A56BC /* BreakComponent.swift in Sources */,
				561920D0231FE72400E86F44 /* WaterJoyState.swift in Sources */,
				561920D6231FE79000E86F44 /* DashingState.swift in Sources */,
				561920CC231FE3AF00E86F44 /* SinkingState.swift in Sources */,
				1FEE6457230EB73F0082DFB0 /* OrbEntity.swift in Sources */,
				561920D4231FE77200E86F44 /* WaterDashState.swift in Sources */,
				562FF485230AE68B00D0838B /* MovementComponent.swift in Sources */,
				1F59B2642318134C004A56BC /* RockEntity.swift in Sources */,
				56741D00230D89F6000393A5 /* CGPointExtensions.swift in Sources */,
				561920D2231FE74400E86F44 /* WaterSadState.swift in Sources */,
				6412B6E723203225005DF78B /* AssetsUtil.swift in Sources */,
				560C1C66231E9133002B820A /* JoyGoingUpState.swift in Sources */,
				1FE4088F2305A2CD006331CC /* AppDelegate.swift in Sources */,
				561920CA231FDACF00E86F44 /* BoostingDownState.swift in Sources */,
				562FF489230AE68B00D0838B /* GameViewController.swift in Sources */,
				562FF487230AE68B00D0838B /* PlayerEntity.swift in Sources */,
				0D49E38823214E06009AE94E /* FloatingOnlyState.swift in Sources */,
				560C1C64231E89B3002B820A /* PlayingState.swift in Sources */,
				561920CE231FE56700E86F44 /* FloatingUpState.swift in Sources */,
			);
			runOnlyForDeploymentPostprocessing = 0;
		};
/* End PBXSourcesBuildPhase section */

/* Begin PBXVariantGroup section */
		1FE408982305A2CD006331CC /* Main.storyboard */ = {
			isa = PBXVariantGroup;
			children = (
				1FE408992305A2CD006331CC /* Base */,
			);
			name = Main.storyboard;
			sourceTree = "<group>";
		};
		1FE4089D2305A2CF006331CC /* LaunchScreen.storyboard */ = {
			isa = PBXVariantGroup;
			children = (
				1FE4089E2305A2CF006331CC /* Base */,
			);
			name = LaunchScreen.storyboard;
			sourceTree = "<group>";
		};
/* End PBXVariantGroup section */

/* Begin XCBuildConfiguration section */
		1FE408A12305A2CF006331CC /* Debug */ = {
			isa = XCBuildConfiguration;
			buildSettings = {
				ALWAYS_SEARCH_USER_PATHS = NO;
				CLANG_ANALYZER_NONNULL = YES;
				CLANG_ANALYZER_NUMBER_OBJECT_CONVERSION = YES_AGGRESSIVE;
				CLANG_CXX_LANGUAGE_STANDARD = "gnu++14";
				CLANG_CXX_LIBRARY = "libc++";
				CLANG_ENABLE_MODULES = YES;
				CLANG_ENABLE_OBJC_ARC = YES;
				CLANG_ENABLE_OBJC_WEAK = YES;
				CLANG_WARN_BLOCK_CAPTURE_AUTORELEASING = YES;
				CLANG_WARN_BOOL_CONVERSION = YES;
				CLANG_WARN_COMMA = YES;
				CLANG_WARN_CONSTANT_CONVERSION = YES;
				CLANG_WARN_DEPRECATED_OBJC_IMPLEMENTATIONS = YES;
				CLANG_WARN_DIRECT_OBJC_ISA_USAGE = YES_ERROR;
				CLANG_WARN_DOCUMENTATION_COMMENTS = YES;
				CLANG_WARN_EMPTY_BODY = YES;
				CLANG_WARN_ENUM_CONVERSION = YES;
				CLANG_WARN_INFINITE_RECURSION = YES;
				CLANG_WARN_INT_CONVERSION = YES;
				CLANG_WARN_NON_LITERAL_NULL_CONVERSION = YES;
				CLANG_WARN_OBJC_IMPLICIT_RETAIN_SELF = YES;
				CLANG_WARN_OBJC_LITERAL_CONVERSION = YES;
				CLANG_WARN_OBJC_ROOT_CLASS = YES_ERROR;
				CLANG_WARN_RANGE_LOOP_ANALYSIS = YES;
				CLANG_WARN_STRICT_PROTOTYPES = YES;
				CLANG_WARN_SUSPICIOUS_MOVE = YES;
				CLANG_WARN_UNGUARDED_AVAILABILITY = YES_AGGRESSIVE;
				CLANG_WARN_UNREACHABLE_CODE = YES;
				CLANG_WARN__DUPLICATE_METHOD_MATCH = YES;
				CODE_SIGN_IDENTITY = "iPhone Developer";
				COPY_PHASE_STRIP = NO;
				DEBUG_INFORMATION_FORMAT = dwarf;
				ENABLE_STRICT_OBJC_MSGSEND = YES;
				ENABLE_TESTABILITY = YES;
				GCC_C_LANGUAGE_STANDARD = gnu11;
				GCC_DYNAMIC_NO_PIC = NO;
				GCC_NO_COMMON_BLOCKS = YES;
				GCC_OPTIMIZATION_LEVEL = 0;
				GCC_PREPROCESSOR_DEFINITIONS = (
					"DEBUG=1",
					"$(inherited)",
				);
				GCC_WARN_64_TO_32_BIT_CONVERSION = YES;
				GCC_WARN_ABOUT_RETURN_TYPE = YES_ERROR;
				GCC_WARN_UNDECLARED_SELECTOR = YES;
				GCC_WARN_UNINITIALIZED_AUTOS = YES_AGGRESSIVE;
				GCC_WARN_UNUSED_FUNCTION = YES;
				GCC_WARN_UNUSED_VARIABLE = YES;
				IPHONEOS_DEPLOYMENT_TARGET = 12.4;
				MTL_ENABLE_DEBUG_INFO = INCLUDE_SOURCE;
				MTL_FAST_MATH = YES;
				ONLY_ACTIVE_ARCH = YES;
				SDKROOT = iphoneos;
				SWIFT_ACTIVE_COMPILATION_CONDITIONS = DEBUG;
				SWIFT_OPTIMIZATION_LEVEL = "-Onone";
			};
			name = Debug;
		};
		1FE408A22305A2CF006331CC /* Release */ = {
			isa = XCBuildConfiguration;
			buildSettings = {
				ALWAYS_SEARCH_USER_PATHS = NO;
				CLANG_ANALYZER_NONNULL = YES;
				CLANG_ANALYZER_NUMBER_OBJECT_CONVERSION = YES_AGGRESSIVE;
				CLANG_CXX_LANGUAGE_STANDARD = "gnu++14";
				CLANG_CXX_LIBRARY = "libc++";
				CLANG_ENABLE_MODULES = YES;
				CLANG_ENABLE_OBJC_ARC = YES;
				CLANG_ENABLE_OBJC_WEAK = YES;
				CLANG_WARN_BLOCK_CAPTURE_AUTORELEASING = YES;
				CLANG_WARN_BOOL_CONVERSION = YES;
				CLANG_WARN_COMMA = YES;
				CLANG_WARN_CONSTANT_CONVERSION = YES;
				CLANG_WARN_DEPRECATED_OBJC_IMPLEMENTATIONS = YES;
				CLANG_WARN_DIRECT_OBJC_ISA_USAGE = YES_ERROR;
				CLANG_WARN_DOCUMENTATION_COMMENTS = YES;
				CLANG_WARN_EMPTY_BODY = YES;
				CLANG_WARN_ENUM_CONVERSION = YES;
				CLANG_WARN_INFINITE_RECURSION = YES;
				CLANG_WARN_INT_CONVERSION = YES;
				CLANG_WARN_NON_LITERAL_NULL_CONVERSION = YES;
				CLANG_WARN_OBJC_IMPLICIT_RETAIN_SELF = YES;
				CLANG_WARN_OBJC_LITERAL_CONVERSION = YES;
				CLANG_WARN_OBJC_ROOT_CLASS = YES_ERROR;
				CLANG_WARN_RANGE_LOOP_ANALYSIS = YES;
				CLANG_WARN_STRICT_PROTOTYPES = YES;
				CLANG_WARN_SUSPICIOUS_MOVE = YES;
				CLANG_WARN_UNGUARDED_AVAILABILITY = YES_AGGRESSIVE;
				CLANG_WARN_UNREACHABLE_CODE = YES;
				CLANG_WARN__DUPLICATE_METHOD_MATCH = YES;
				CODE_SIGN_IDENTITY = "iPhone Developer";
				COPY_PHASE_STRIP = NO;
				DEBUG_INFORMATION_FORMAT = "dwarf-with-dsym";
				ENABLE_NS_ASSERTIONS = NO;
				ENABLE_STRICT_OBJC_MSGSEND = YES;
				GCC_C_LANGUAGE_STANDARD = gnu11;
				GCC_NO_COMMON_BLOCKS = YES;
				GCC_WARN_64_TO_32_BIT_CONVERSION = YES;
				GCC_WARN_ABOUT_RETURN_TYPE = YES_ERROR;
				GCC_WARN_UNDECLARED_SELECTOR = YES;
				GCC_WARN_UNINITIALIZED_AUTOS = YES_AGGRESSIVE;
				GCC_WARN_UNUSED_FUNCTION = YES;
				GCC_WARN_UNUSED_VARIABLE = YES;
				IPHONEOS_DEPLOYMENT_TARGET = 12.4;
				MTL_ENABLE_DEBUG_INFO = NO;
				MTL_FAST_MATH = YES;
				SDKROOT = iphoneos;
				SWIFT_COMPILATION_MODE = wholemodule;
				SWIFT_OPTIMIZATION_LEVEL = "-O";
				VALIDATE_PRODUCT = YES;
			};
			name = Release;
		};
		1FE408A42305A2CF006331CC /* Debug */ = {
			isa = XCBuildConfiguration;
			buildSettings = {
				ASSETCATALOG_COMPILER_APPICON_NAME = AppIcon;
				CODE_SIGN_STYLE = Automatic;
				DEVELOPMENT_TEAM = UDGF2JUP82;
				INFOPLIST_FILE = Muffin/Info.plist;
				LD_RUNPATH_SEARCH_PATHS = (
					"$(inherited)",
					"@executable_path/Frameworks",
				);
				PRODUCT_BUNDLE_IDENTIFIER = jubajuba.Muffin;
				PRODUCT_NAME = "$(TARGET_NAME)";
				SWIFT_VERSION = 5.0;
				TARGETED_DEVICE_FAMILY = "1,2";
			};
			name = Debug;
		};
		1FE408A52305A2CF006331CC /* Release */ = {
			isa = XCBuildConfiguration;
			buildSettings = {
				ASSETCATALOG_COMPILER_APPICON_NAME = AppIcon;
				CODE_SIGN_STYLE = Automatic;
				DEVELOPMENT_TEAM = UDGF2JUP82;
				INFOPLIST_FILE = Muffin/Info.plist;
				LD_RUNPATH_SEARCH_PATHS = (
					"$(inherited)",
					"@executable_path/Frameworks",
				);
				PRODUCT_BUNDLE_IDENTIFIER = jubajuba.Muffin;
				PRODUCT_NAME = "$(TARGET_NAME)";
				SWIFT_VERSION = 5.0;
				TARGETED_DEVICE_FAMILY = "1,2";
			};
			name = Release;
		};
/* End XCBuildConfiguration section */

/* Begin XCConfigurationList section */
		1FE408862305A2CD006331CC /* Build configuration list for PBXProject "Muffin" */ = {
			isa = XCConfigurationList;
			buildConfigurations = (
				1FE408A12305A2CF006331CC /* Debug */,
				1FE408A22305A2CF006331CC /* Release */,
			);
			defaultConfigurationIsVisible = 0;
			defaultConfigurationName = Release;
		};
		1FE408A32305A2CF006331CC /* Build configuration list for PBXNativeTarget "Muffin" */ = {
			isa = XCConfigurationList;
			buildConfigurations = (
				1FE408A42305A2CF006331CC /* Debug */,
				1FE408A52305A2CF006331CC /* Release */,
			);
			defaultConfigurationIsVisible = 0;
			defaultConfigurationName = Release;
		};
/* End XCConfigurationList section */
	};
	rootObject = 1FE408832305A2CD006331CC /* Project object */;
}
