// !$*UTF8*$!
{
	archiveVersion = 1;
	classes = {
	};
	objectVersion = 50;
	objects = {

/* Begin PBXBuildFile section */
		1FE4088F2305A2CD006331CC /* AppDelegate.swift in Sources */ = {isa = PBXBuildFile; fileRef = 1FE4088E2305A2CD006331CC /* AppDelegate.swift */; };
		1FE4089A2305A2CD006331CC /* Main.storyboard in Resources */ = {isa = PBXBuildFile; fileRef = 1FE408982305A2CD006331CC /* Main.storyboard */; };
		1FE4089C2305A2CF006331CC /* Assets.xcassets in Resources */ = {isa = PBXBuildFile; fileRef = 1FE4089B2305A2CF006331CC /* Assets.xcassets */; };
		1FE4089F2305A2CF006331CC /* LaunchScreen.storyboard in Resources */ = {isa = PBXBuildFile; fileRef = 1FE4089D2305A2CF006331CC /* LaunchScreen.storyboard */; };
		1FEE6457230EB73F0082DFB0 /* OrbEntity.swift in Sources */ = {isa = PBXBuildFile; fileRef = 1F676856230C2391008671F0 /* OrbEntity.swift */; };
		1FEE6458230EB7420082DFB0 /* OrbComponent.swift in Sources */ = {isa = PBXBuildFile; fileRef = 1F26B7C9230D7348001BBDCE /* OrbComponent.swift */; };
		562FF484230AE68B00D0838B /* SpriteComponent.swift in Sources */ = {isa = PBXBuildFile; fileRef = 562FF45C230AE68B00D0838B /* SpriteComponent.swift */; };
		562FF485230AE68B00D0838B /* MovementComponent.swift in Sources */ = {isa = PBXBuildFile; fileRef = 562FF45D230AE68B00D0838B /* MovementComponent.swift */; };
		562FF486230AE68B00D0838B /* GameScene.sks in Resources */ = {isa = PBXBuildFile; fileRef = 562FF45F230AE68B00D0838B /* GameScene.sks */; };
		562FF487230AE68B00D0838B /* PlayerEntity.swift in Sources */ = {isa = PBXBuildFile; fileRef = 562FF461230AE68B00D0838B /* PlayerEntity.swift */; };
		562FF488230AE68B00D0838B /* GameScene.swift in Sources */ = {isa = PBXBuildFile; fileRef = 562FF462230AE68B00D0838B /* GameScene.swift */; };
		562FF489230AE68B00D0838B /* GameViewController.swift in Sources */ = {isa = PBXBuildFile; fileRef = 562FF464230AE68B00D0838B /* GameViewController.swift */; };
		562FF48A230AE68B00D0838B /* chao - raiva.png in Resources */ = {isa = PBXBuildFile; fileRef = 562FF466230AE68B00D0838B /* chao - raiva.png */; };
		562FF48B230AE68B00D0838B /* chao - raiva@2x.png in Resources */ = {isa = PBXBuildFile; fileRef = 562FF467230AE68B00D0838B /* chao - raiva@2x.png */; };
		562FF48C230AE68B00D0838B /* cave.png in Resources */ = {isa = PBXBuildFile; fileRef = 562FF468230AE68B00D0838B /* cave.png */; };
		562FF48E230AE68B00D0838B /* Empurra@3x.png in Resources */ = {isa = PBXBuildFile; fileRef = 562FF46A230AE68B00D0838B /* Empurra@3x.png */; };
		562FF48F230AE68B00D0838B /* Empurra@2x.png in Resources */ = {isa = PBXBuildFile; fileRef = 562FF46B230AE68B00D0838B /* Empurra@2x.png */; };
		562FF491230AE68B00D0838B /* chao - raiva@3x.png in Resources */ = {isa = PBXBuildFile; fileRef = 562FF46D230AE68B00D0838B /* chao - raiva@3x.png */; };
		562FF492230AE68B00D0838B /* Empurra.png in Resources */ = {isa = PBXBuildFile; fileRef = 562FF46E230AE68B00D0838B /* Empurra.png */; };
		562FF493230AE68B00D0838B /* Quebra@2x.png in Resources */ = {isa = PBXBuildFile; fileRef = 562FF46F230AE68B00D0838B /* Quebra@2x.png */; };
		562FF494230AE68B00D0838B /* chao felicidade@3x.png in Resources */ = {isa = PBXBuildFile; fileRef = 562FF470230AE68B00D0838B /* chao felicidade@3x.png */; };
		562FF497230AE68B00D0838B /* chao felicidade@2x.png in Resources */ = {isa = PBXBuildFile; fileRef = 562FF473230AE68B00D0838B /* chao felicidade@2x.png */; };
		562FF498230AE68B00D0838B /* Quebra@3x.png in Resources */ = {isa = PBXBuildFile; fileRef = 562FF474230AE68B00D0838B /* Quebra@3x.png */; };
		562FF499230AE68B00D0838B /* chao felicidade.png in Resources */ = {isa = PBXBuildFile; fileRef = 562FF475230AE68B00D0838B /* chao felicidade.png */; };
		562FF49A230AE68B00D0838B /* Quebra.png in Resources */ = {isa = PBXBuildFile; fileRef = 562FF476230AE68B00D0838B /* Quebra.png */; };
		562FF49D230AE68B00D0838B /* arvores@2x.png in Resources */ = {isa = PBXBuildFile; fileRef = 562FF479230AE68B00D0838B /* arvores@2x.png */; };
		562FF49E230AE68B00D0838B /* arvores@3x.png in Resources */ = {isa = PBXBuildFile; fileRef = 562FF47A230AE68B00D0838B /* arvores@3x.png */; };
		562FF49F230AE68B00D0838B /* personagem @3x.png in Resources */ = {isa = PBXBuildFile; fileRef = 562FF47B230AE68B00D0838B /* personagem @3x.png */; };
		562FF4A0230AE68B00D0838B /* arvores.png in Resources */ = {isa = PBXBuildFile; fileRef = 562FF47C230AE68B00D0838B /* arvores.png */; };
		562FF4A3230AE68B00D0838B /* tela.png in Resources */ = {isa = PBXBuildFile; fileRef = 562FF47F230AE68B00D0838B /* tela.png */; };
		562FF4A4230AE68B00D0838B /* tela@3x.png in Resources */ = {isa = PBXBuildFile; fileRef = 562FF480230AE68B00D0838B /* tela@3x.png */; };
		562FF4A5230AE68B00D0838B /* tela@2x.png in Resources */ = {isa = PBXBuildFile; fileRef = 562FF481230AE68B00D0838B /* tela@2x.png */; };
		562FF4A6230AE68B00D0838B /* isle.png in Resources */ = {isa = PBXBuildFile; fileRef = 562FF482230AE68B00D0838B /* isle.png */; };
		563C841C2317338D00AFFD74 /* ilha - tristeza.png in Resources */ = {isa = PBXBuildFile; fileRef = 563C841B2317338C00AFFD74 /* ilha - tristeza.png */; };
		5642ADFC230F1AFF0065FBC0 /* Personagem.png in Resources */ = {isa = PBXBuildFile; fileRef = 5642ADFB230F1AFF0065FBC0 /* Personagem.png */; };
		566F8D252316CB94000E4D34 /* ground2.png in Resources */ = {isa = PBXBuildFile; fileRef = 566F8D232316CB94000E4D34 /* ground2.png */; };
		566F8D262316CB94000E4D34 /* ground1.png in Resources */ = {isa = PBXBuildFile; fileRef = 566F8D242316CB94000E4D34 /* ground1.png */; };
		566F8D2C2316D292000E4D34 /* ground3.png in Resources */ = {isa = PBXBuildFile; fileRef = 566F8D2B2316D292000E4D34 /* ground3.png */; };
		56741D00230D89F6000393A5 /* CGPointExtensions.swift in Sources */ = {isa = PBXBuildFile; fileRef = 56741CFF230D89F6000393A5 /* CGPointExtensions.swift */; };
		569753B423171AC000FE4457 /* ilha - tristeza@2x.png in Resources */ = {isa = PBXBuildFile; fileRef = 569753AB23171ABF00FE4457 /* ilha - tristeza@2x.png */; };
		569753B523171AC000FE4457 /* caverna - raiva.png in Resources */ = {isa = PBXBuildFile; fileRef = 569753AC23171ABF00FE4457 /* caverna - raiva.png */; };
		569753B623171AC000FE4457 /* ilha - tristeza@3x.png in Resources */ = {isa = PBXBuildFile; fileRef = 569753AD23171ABF00FE4457 /* ilha - tristeza@3x.png */; };
		569753B723171AC000FE4457 /* chao - tristeza@2x.png in Resources */ = {isa = PBXBuildFile; fileRef = 569753AE23171ABF00FE4457 /* chao - tristeza@2x.png */; };
		569753B823171AC000FE4457 /* caverna - raiva@3x.png in Resources */ = {isa = PBXBuildFile; fileRef = 569753AF23171ABF00FE4457 /* caverna - raiva@3x.png */; };
		569753B923171AC000FE4457 /* chao - tristeza@3x.png in Resources */ = {isa = PBXBuildFile; fileRef = 569753B023171ABF00FE4457 /* chao - tristeza@3x.png */; };
		569753BA23171AC000FE4457 /* chao - tristeza.png in Resources */ = {isa = PBXBuildFile; fileRef = 569753B123171AC000FE4457 /* chao - tristeza.png */; };
		569753BB23171AC000FE4457 /* caverna - raiva@2x.png in Resources */ = {isa = PBXBuildFile; fileRef = 569753B223171AC000FE4457 /* caverna - raiva@2x.png */; };
		64F873CF231C8E1F00CDBC86 /* GroundJoy1.png in Resources */ = {isa = PBXBuildFile; fileRef = 64F873CE231C8E1F00CDBC86 /* GroundJoy1.png */; };
		64F873D1231C8EF200CDBC86 /* GroundJoy2.png in Resources */ = {isa = PBXBuildFile; fileRef = 64F873D0231C8EF200CDBC86 /* GroundJoy2.png */; };
		64F873D3231C90C300CDBC86 /* JoyGround1_Z-1.png in Resources */ = {isa = PBXBuildFile; fileRef = 64F873D2231C90C200CDBC86 /* JoyGround1_Z-1.png */; };
		64F873D5231C924200CDBC86 /* JoyGround2_Z-1.png in Resources */ = {isa = PBXBuildFile; fileRef = 64F873D4231C924200CDBC86 /* JoyGround2_Z-1.png */; };
		64F873D7231C924A00CDBC86 /* JoyGround3_Z-1.png in Resources */ = {isa = PBXBuildFile; fileRef = 64F873D6231C924A00CDBC86 /* JoyGround3_Z-1.png */; };
		64F873E1231C974000CDBC86 /* PortalLeft.png in Resources */ = {isa = PBXBuildFile; fileRef = 64F873E0231C974000CDBC86 /* PortalLeft.png */; };
		64F873E3231C9BE100CDBC86 /* PortalRight.png in Resources */ = {isa = PBXBuildFile; fileRef = 64F873E2231C9BE000CDBC86 /* PortalRight.png */; };
		64F873E5231C9E3B00CDBC86 /* Trees.png in Resources */ = {isa = PBXBuildFile; fileRef = 64F873E4231C9E3B00CDBC86 /* Trees.png */; };
		64F873E7231CA16E00CDBC86 /* Mushroom_1.png in Resources */ = {isa = PBXBuildFile; fileRef = 64F873E6231CA16D00CDBC86 /* Mushroom_1.png */; };
		64F873E9231CA4B300CDBC86 /* Mountain.png in Resources */ = {isa = PBXBuildFile; fileRef = 64F873E8231CA4B100CDBC86 /* Mountain.png */; };
		64F873EB231CA61200CDBC86 /* River.png in Resources */ = {isa = PBXBuildFile; fileRef = 64F873EA231CA61200CDBC86 /* River.png */; };
		64F873EE231CA73D00CDBC86 /* Mushroom_2.png in Resources */ = {isa = PBXBuildFile; fileRef = 64F873EC231CA73A00CDBC86 /* Mushroom_2.png */; };
		64F873EF231CA73D00CDBC86 /* Mushroom_3.png in Resources */ = {isa = PBXBuildFile; fileRef = 64F873ED231CA73D00CDBC86 /* Mushroom_3.png */; };
		64F873F1231CA74500CDBC86 /* Tree.png in Resources */ = {isa = PBXBuildFile; fileRef = 64F873F0231CA74400CDBC86 /* Tree.png */; };
		64F873F3231CAC8200CDBC86 /* River_1.png in Resources */ = {isa = PBXBuildFile; fileRef = 64F873F2231CAC8100CDBC86 /* River_1.png */; };
/* End PBXBuildFile section */

/* Begin PBXFileReference section */
		1F26B7C9230D7348001BBDCE /* OrbComponent.swift */ = {isa = PBXFileReference; lastKnownFileType = sourcecode.swift; path = OrbComponent.swift; sourceTree = "<group>"; };
		1F676856230C2391008671F0 /* OrbEntity.swift */ = {isa = PBXFileReference; lastKnownFileType = sourcecode.swift; path = OrbEntity.swift; sourceTree = "<group>"; };
		1FE4088B2305A2CD006331CC /* Muffin.app */ = {isa = PBXFileReference; explicitFileType = wrapper.application; includeInIndex = 0; path = Muffin.app; sourceTree = BUILT_PRODUCTS_DIR; };
		1FE4088E2305A2CD006331CC /* AppDelegate.swift */ = {isa = PBXFileReference; lastKnownFileType = sourcecode.swift; path = AppDelegate.swift; sourceTree = "<group>"; };
		1FE408992305A2CD006331CC /* Base */ = {isa = PBXFileReference; lastKnownFileType = file.storyboard; name = Base; path = Base.lproj/Main.storyboard; sourceTree = "<group>"; };
		1FE4089B2305A2CF006331CC /* Assets.xcassets */ = {isa = PBXFileReference; lastKnownFileType = folder.assetcatalog; path = Assets.xcassets; sourceTree = "<group>"; };
		1FE4089E2305A2CF006331CC /* Base */ = {isa = PBXFileReference; lastKnownFileType = file.storyboard; name = Base; path = Base.lproj/LaunchScreen.storyboard; sourceTree = "<group>"; };
		1FE408A02305A2CF006331CC /* Info.plist */ = {isa = PBXFileReference; lastKnownFileType = text.plist.xml; path = Info.plist; sourceTree = "<group>"; };
		562FF45C230AE68B00D0838B /* SpriteComponent.swift */ = {isa = PBXFileReference; fileEncoding = 4; lastKnownFileType = sourcecode.swift; path = SpriteComponent.swift; sourceTree = "<group>"; };
		562FF45D230AE68B00D0838B /* MovementComponent.swift */ = {isa = PBXFileReference; fileEncoding = 4; lastKnownFileType = sourcecode.swift; path = MovementComponent.swift; sourceTree = "<group>"; };
		562FF45F230AE68B00D0838B /* GameScene.sks */ = {isa = PBXFileReference; lastKnownFileType = file.sks; path = GameScene.sks; sourceTree = "<group>"; };
		562FF461230AE68B00D0838B /* PlayerEntity.swift */ = {isa = PBXFileReference; fileEncoding = 4; lastKnownFileType = sourcecode.swift; path = PlayerEntity.swift; sourceTree = "<group>"; };
		562FF462230AE68B00D0838B /* GameScene.swift */ = {isa = PBXFileReference; fileEncoding = 4; lastKnownFileType = sourcecode.swift; path = GameScene.swift; sourceTree = "<group>"; };
		562FF464230AE68B00D0838B /* GameViewController.swift */ = {isa = PBXFileReference; fileEncoding = 4; lastKnownFileType = sourcecode.swift; path = GameViewController.swift; sourceTree = "<group>"; };
		562FF466230AE68B00D0838B /* chao - raiva.png */ = {isa = PBXFileReference; lastKnownFileType = image.png; path = "chao - raiva.png"; sourceTree = "<group>"; };
		562FF467230AE68B00D0838B /* chao - raiva@2x.png */ = {isa = PBXFileReference; lastKnownFileType = image.png; path = "chao - raiva@2x.png"; sourceTree = "<group>"; };
		562FF468230AE68B00D0838B /* cave.png */ = {isa = PBXFileReference; lastKnownFileType = image.png; path = cave.png; sourceTree = "<group>"; };
		562FF46A230AE68B00D0838B /* Empurra@3x.png */ = {isa = PBXFileReference; lastKnownFileType = image.png; path = "Empurra@3x.png"; sourceTree = "<group>"; };
		562FF46B230AE68B00D0838B /* Empurra@2x.png */ = {isa = PBXFileReference; lastKnownFileType = image.png; path = "Empurra@2x.png"; sourceTree = "<group>"; };
		562FF46D230AE68B00D0838B /* chao - raiva@3x.png */ = {isa = PBXFileReference; lastKnownFileType = image.png; path = "chao - raiva@3x.png"; sourceTree = "<group>"; };
		562FF46E230AE68B00D0838B /* Empurra.png */ = {isa = PBXFileReference; lastKnownFileType = image.png; path = Empurra.png; sourceTree = "<group>"; };
		562FF46F230AE68B00D0838B /* Quebra@2x.png */ = {isa = PBXFileReference; lastKnownFileType = image.png; path = "Quebra@2x.png"; sourceTree = "<group>"; };
		562FF470230AE68B00D0838B /* chao felicidade@3x.png */ = {isa = PBXFileReference; lastKnownFileType = image.png; path = "chao felicidade@3x.png"; sourceTree = "<group>"; };
		562FF473230AE68B00D0838B /* chao felicidade@2x.png */ = {isa = PBXFileReference; lastKnownFileType = image.png; path = "chao felicidade@2x.png"; sourceTree = "<group>"; };
		562FF474230AE68B00D0838B /* Quebra@3x.png */ = {isa = PBXFileReference; lastKnownFileType = image.png; path = "Quebra@3x.png"; sourceTree = "<group>"; };
		562FF475230AE68B00D0838B /* chao felicidade.png */ = {isa = PBXFileReference; lastKnownFileType = image.png; path = "chao felicidade.png"; sourceTree = "<group>"; };
		562FF476230AE68B00D0838B /* Quebra.png */ = {isa = PBXFileReference; lastKnownFileType = image.png; path = Quebra.png; sourceTree = "<group>"; };
		562FF479230AE68B00D0838B /* arvores@2x.png */ = {isa = PBXFileReference; lastKnownFileType = image.png; path = "arvores@2x.png"; sourceTree = "<group>"; };
		562FF47A230AE68B00D0838B /* arvores@3x.png */ = {isa = PBXFileReference; lastKnownFileType = image.png; path = "arvores@3x.png"; sourceTree = "<group>"; };
		562FF47B230AE68B00D0838B /* personagem @3x.png */ = {isa = PBXFileReference; lastKnownFileType = image.png; path = "personagem @3x.png"; sourceTree = "<group>"; };
		562FF47C230AE68B00D0838B /* arvores.png */ = {isa = PBXFileReference; lastKnownFileType = image.png; path = arvores.png; sourceTree = "<group>"; };
		562FF47F230AE68B00D0838B /* tela.png */ = {isa = PBXFileReference; lastKnownFileType = image.png; path = tela.png; sourceTree = "<group>"; };
		562FF480230AE68B00D0838B /* tela@3x.png */ = {isa = PBXFileReference; lastKnownFileType = image.png; path = "tela@3x.png"; sourceTree = "<group>"; };
		562FF481230AE68B00D0838B /* tela@2x.png */ = {isa = PBXFileReference; lastKnownFileType = image.png; path = "tela@2x.png"; sourceTree = "<group>"; };
		562FF482230AE68B00D0838B /* isle.png */ = {isa = PBXFileReference; lastKnownFileType = image.png; path = isle.png; sourceTree = "<group>"; };
		563C841B2317338C00AFFD74 /* ilha - tristeza.png */ = {isa = PBXFileReference; lastKnownFileType = image.png; path = "ilha - tristeza.png"; sourceTree = "<group>"; };
		5642ADFB230F1AFF0065FBC0 /* Personagem.png */ = {isa = PBXFileReference; lastKnownFileType = image.png; path = Personagem.png; sourceTree = "<group>"; };
		566F8D232316CB94000E4D34 /* ground2.png */ = {isa = PBXFileReference; lastKnownFileType = image.png; path = ground2.png; sourceTree = "<group>"; };
		566F8D242316CB94000E4D34 /* ground1.png */ = {isa = PBXFileReference; lastKnownFileType = image.png; path = ground1.png; sourceTree = "<group>"; };
		566F8D2B2316D292000E4D34 /* ground3.png */ = {isa = PBXFileReference; lastKnownFileType = image.png; path = ground3.png; sourceTree = "<group>"; };
		56741CFF230D89F6000393A5 /* CGPointExtensions.swift */ = {isa = PBXFileReference; fileEncoding = 4; lastKnownFileType = sourcecode.swift; name = CGPointExtensions.swift; path = Muffin/CGPointExtensions.swift; sourceTree = SOURCE_ROOT; };
		569753AB23171ABF00FE4457 /* ilha - tristeza@2x.png */ = {isa = PBXFileReference; lastKnownFileType = image.png; path = "ilha - tristeza@2x.png"; sourceTree = "<group>"; };
		569753AC23171ABF00FE4457 /* caverna - raiva.png */ = {isa = PBXFileReference; lastKnownFileType = image.png; path = "caverna - raiva.png"; sourceTree = "<group>"; };
		569753AD23171ABF00FE4457 /* ilha - tristeza@3x.png */ = {isa = PBXFileReference; lastKnownFileType = image.png; path = "ilha - tristeza@3x.png"; sourceTree = "<group>"; };
		569753AE23171ABF00FE4457 /* chao - tristeza@2x.png */ = {isa = PBXFileReference; lastKnownFileType = image.png; path = "chao - tristeza@2x.png"; sourceTree = "<group>"; };
		569753AF23171ABF00FE4457 /* caverna - raiva@3x.png */ = {isa = PBXFileReference; lastKnownFileType = image.png; path = "caverna - raiva@3x.png"; sourceTree = "<group>"; };
		569753B023171ABF00FE4457 /* chao - tristeza@3x.png */ = {isa = PBXFileReference; lastKnownFileType = image.png; path = "chao - tristeza@3x.png"; sourceTree = "<group>"; };
		569753B123171AC000FE4457 /* chao - tristeza.png */ = {isa = PBXFileReference; lastKnownFileType = image.png; path = "chao - tristeza.png"; sourceTree = "<group>"; };
		569753B223171AC000FE4457 /* caverna - raiva@2x.png */ = {isa = PBXFileReference; lastKnownFileType = image.png; path = "caverna - raiva@2x.png"; sourceTree = "<group>"; };
		64F873CE231C8E1F00CDBC86 /* GroundJoy1.png */ = {isa = PBXFileReference; lastKnownFileType = image.png; path = GroundJoy1.png; sourceTree = "<group>"; };
		64F873D0231C8EF200CDBC86 /* GroundJoy2.png */ = {isa = PBXFileReference; lastKnownFileType = image.png; path = GroundJoy2.png; sourceTree = "<group>"; };
		64F873D2231C90C200CDBC86 /* JoyGround1_Z-1.png */ = {isa = PBXFileReference; lastKnownFileType = image.png; path = "JoyGround1_Z-1.png"; sourceTree = "<group>"; };
		64F873D4231C924200CDBC86 /* JoyGround2_Z-1.png */ = {isa = PBXFileReference; lastKnownFileType = image.png; path = "JoyGround2_Z-1.png"; sourceTree = "<group>"; };
		64F873D6231C924A00CDBC86 /* JoyGround3_Z-1.png */ = {isa = PBXFileReference; lastKnownFileType = image.png; path = "JoyGround3_Z-1.png"; sourceTree = "<group>"; };
		64F873E0231C974000CDBC86 /* PortalLeft.png */ = {isa = PBXFileReference; lastKnownFileType = image.png; path = PortalLeft.png; sourceTree = "<group>"; };
		64F873E2231C9BE000CDBC86 /* PortalRight.png */ = {isa = PBXFileReference; lastKnownFileType = image.png; path = PortalRight.png; sourceTree = "<group>"; };
		64F873E4231C9E3B00CDBC86 /* Trees.png */ = {isa = PBXFileReference; lastKnownFileType = image.png; path = Trees.png; sourceTree = "<group>"; };
		64F873E6231CA16D00CDBC86 /* Mushroom_1.png */ = {isa = PBXFileReference; lastKnownFileType = image.png; path = Mushroom_1.png; sourceTree = "<group>"; };
		64F873E8231CA4B100CDBC86 /* Mountain.png */ = {isa = PBXFileReference; lastKnownFileType = image.png; path = Mountain.png; sourceTree = "<group>"; };
		64F873EA231CA61200CDBC86 /* River.png */ = {isa = PBXFileReference; lastKnownFileType = image.png; path = River.png; sourceTree = "<group>"; };
		64F873EC231CA73A00CDBC86 /* Mushroom_2.png */ = {isa = PBXFileReference; lastKnownFileType = image.png; path = Mushroom_2.png; sourceTree = "<group>"; };
		64F873ED231CA73D00CDBC86 /* Mushroom_3.png */ = {isa = PBXFileReference; lastKnownFileType = image.png; path = Mushroom_3.png; sourceTree = "<group>"; };
		64F873F0231CA74400CDBC86 /* Tree.png */ = {isa = PBXFileReference; lastKnownFileType = image.png; path = Tree.png; sourceTree = "<group>"; };
		64F873F2231CAC8100CDBC86 /* River_1.png */ = {isa = PBXFileReference; lastKnownFileType = image.png; path = River_1.png; sourceTree = "<group>"; };
/* End PBXFileReference section */

/* Begin PBXFrameworksBuildPhase section */
		1FE408882305A2CD006331CC /* Frameworks */ = {
			isa = PBXFrameworksBuildPhase;
			buildActionMask = 2147483647;
			files = (
			);
			runOnlyForDeploymentPostprocessing = 0;
		};
/* End PBXFrameworksBuildPhase section */

/* Begin PBXGroup section */
		1FE408822305A2CD006331CC = {
			isa = PBXGroup;
			children = (
				1FE4088D2305A2CD006331CC /* Muffin */,
				1FE4088C2305A2CD006331CC /* Products */,
			);
			sourceTree = "<group>";
		};
		1FE4088C2305A2CD006331CC /* Products */ = {
			isa = PBXGroup;
			children = (
				1FE4088B2305A2CD006331CC /* Muffin.app */,
			);
			name = Products;
			sourceTree = "<group>";
		};
		1FE4088D2305A2CD006331CC /* Muffin */ = {
			isa = PBXGroup;
			children = (
				1FE4088E2305A2CD006331CC /* AppDelegate.swift */,
				562FF463230AE68B00D0838B /* Game States */,
				562FF45B230AE68B00D0838B /* Components */,
				562FF460230AE68B00D0838B /* Entities */,
				562FF462230AE68B00D0838B /* GameScene.swift */,
				562FF464230AE68B00D0838B /* GameViewController.swift */,
				562FF45E230AE68B00D0838B /* Scenes */,
				1FE408982305A2CD006331CC /* Main.storyboard */,
				1FE4089B2305A2CF006331CC /* Assets.xcassets */,
				1FE4089D2305A2CF006331CC /* LaunchScreen.storyboard */,
				1FE408A02305A2CF006331CC /* Info.plist */,
				56741CFF230D89F6000393A5 /* CGPointExtensions.swift */,
				562FF465230AE68B00D0838B /* Resources */,
			);
			path = Muffin;
			sourceTree = "<group>";
		};
		562FF45B230AE68B00D0838B /* Components */ = {
			isa = PBXGroup;
			children = (
				562FF45C230AE68B00D0838B /* SpriteComponent.swift */,
				562FF45D230AE68B00D0838B /* MovementComponent.swift */,
				1F26B7C9230D7348001BBDCE /* OrbComponent.swift */,
			);
			path = Components;
			sourceTree = "<group>";
		};
		562FF45E230AE68B00D0838B /* Scenes */ = {
			isa = PBXGroup;
			children = (
				562FF45F230AE68B00D0838B /* GameScene.sks */,
			);
			path = Scenes;
			sourceTree = "<group>";
		};
		562FF460230AE68B00D0838B /* Entities */ = {
			isa = PBXGroup;
			children = (
				562FF461230AE68B00D0838B /* PlayerEntity.swift */,
				1F676856230C2391008671F0 /* OrbEntity.swift */,
			);
			path = Entities;
			sourceTree = "<group>";
		};
		562FF463230AE68B00D0838B /* Game States */ = {
			isa = PBXGroup;
			children = (
			);
			path = "Game States";
			sourceTree = "<group>";
		};
		562FF465230AE68B00D0838B /* Resources */ = {
			isa = PBXGroup;
			children = (
				64F873F2231CAC8100CDBC86 /* River_1.png */,
				64F873EA231CA61200CDBC86 /* River.png */,
				64F873E8231CA4B100CDBC86 /* Mountain.png */,
				64F873E6231CA16D00CDBC86 /* Mushroom_1.png */,
				64F873EC231CA73A00CDBC86 /* Mushroom_2.png */,
				64F873F0231CA74400CDBC86 /* Tree.png */,
				64F873ED231CA73D00CDBC86 /* Mushroom_3.png */,
				64F873E4231C9E3B00CDBC86 /* Trees.png */,
				64F873E2231C9BE000CDBC86 /* PortalRight.png */,
				64F873E0231C974000CDBC86 /* PortalLeft.png */,
				64F873D2231C90C200CDBC86 /* JoyGround1_Z-1.png */,
				64F873D4231C924200CDBC86 /* JoyGround2_Z-1.png */,
				64F873D6231C924A00CDBC86 /* JoyGround3_Z-1.png */,
				64F873D0231C8EF200CDBC86 /* GroundJoy2.png */,
				64F873CE231C8E1F00CDBC86 /* GroundJoy1.png */,
				566F8D242316CB94000E4D34 /* ground1.png */,
				566F8D232316CB94000E4D34 /* ground2.png */,
				566F8D2B2316D292000E4D34 /* ground3.png */,
				562FF468230AE68B00D0838B /* cave.png */,
				5642ADFB230F1AFF0065FBC0 /* Personagem.png */,
				562FF47B230AE68B00D0838B /* personagem @3x.png */,
				562FF466230AE68B00D0838B /* chao - raiva.png */,
				562FF467230AE68B00D0838B /* chao - raiva@2x.png */,
				562FF46D230AE68B00D0838B /* chao - raiva@3x.png */,
				562FF46E230AE68B00D0838B /* Empurra.png */,
				562FF46B230AE68B00D0838B /* Empurra@2x.png */,
				562FF46A230AE68B00D0838B /* Empurra@3x.png */,
				562FF476230AE68B00D0838B /* Quebra.png */,
				562FF46F230AE68B00D0838B /* Quebra@2x.png */,
				562FF474230AE68B00D0838B /* Quebra@3x.png */,
				562FF475230AE68B00D0838B /* chao felicidade.png */,
				562FF470230AE68B00D0838B /* chao felicidade@3x.png */,
				562FF473230AE68B00D0838B /* chao felicidade@2x.png */,
				562FF47C230AE68B00D0838B /* arvores.png */,
				562FF479230AE68B00D0838B /* arvores@2x.png */,
				562FF47A230AE68B00D0838B /* arvores@3x.png */,
				562FF47F230AE68B00D0838B /* tela.png */,
				562FF480230AE68B00D0838B /* tela@3x.png */,
				562FF481230AE68B00D0838B /* tela@2x.png */,
				569753AC23171ABF00FE4457 /* caverna - raiva.png */,
				569753B223171AC000FE4457 /* caverna - raiva@2x.png */,
				569753AF23171ABF00FE4457 /* caverna - raiva@3x.png */,
				569753B123171AC000FE4457 /* chao - tristeza.png */,
				569753AE23171ABF00FE4457 /* chao - tristeza@2x.png */,
				569753B023171ABF00FE4457 /* chao - tristeza@3x.png */,
				563C841B2317338C00AFFD74 /* ilha - tristeza.png */,
				569753AB23171ABF00FE4457 /* ilha - tristeza@2x.png */,
				569753AD23171ABF00FE4457 /* ilha - tristeza@3x.png */,
				562FF482230AE68B00D0838B /* isle.png */,
			);
			path = Resources;
			sourceTree = "<group>";
		};
/* End PBXGroup section */

/* Begin PBXNativeTarget section */
		1FE4088A2305A2CD006331CC /* Muffin */ = {
			isa = PBXNativeTarget;
			buildConfigurationList = 1FE408A32305A2CF006331CC /* Build configuration list for PBXNativeTarget "Muffin" */;
			buildPhases = (
				1FE408872305A2CD006331CC /* Sources */,
				1FE408882305A2CD006331CC /* Frameworks */,
				1FE408892305A2CD006331CC /* Resources */,
			);
			buildRules = (
			);
			dependencies = (
			);
			name = Muffin;
			productName = Muffin;
			productReference = 1FE4088B2305A2CD006331CC /* Muffin.app */;
			productType = "com.apple.product-type.application";
		};
/* End PBXNativeTarget section */

/* Begin PBXProject section */
		1FE408832305A2CD006331CC /* Project object */ = {
			isa = PBXProject;
			attributes = {
				LastSwiftUpdateCheck = 1030;
				LastUpgradeCheck = 1030;
				ORGANIZATIONNAME = "Juba-Juba";
				TargetAttributes = {
					1FE4088A2305A2CD006331CC = {
						CreatedOnToolsVersion = 10.3;
					};
				};
			};
			buildConfigurationList = 1FE408862305A2CD006331CC /* Build configuration list for PBXProject "Muffin" */;
			compatibilityVersion = "Xcode 9.3";
			developmentRegion = en;
			hasScannedForEncodings = 0;
			knownRegions = (
				en,
				Base,
			);
			mainGroup = 1FE408822305A2CD006331CC;
			productRefGroup = 1FE4088C2305A2CD006331CC /* Products */;
			projectDirPath = "";
			projectRoot = "";
			targets = (
				1FE4088A2305A2CD006331CC /* Muffin */,
			);
		};
/* End PBXProject section */

/* Begin PBXResourcesBuildPhase section */
		1FE408892305A2CD006331CC /* Resources */ = {
			isa = PBXResourcesBuildPhase;
			buildActionMask = 2147483647;
			files = (
				562FF498230AE68B00D0838B /* Quebra@3x.png in Resources */,
				562FF491230AE68B00D0838B /* chao - raiva@3x.png in Resources */,
				5642ADFC230F1AFF0065FBC0 /* Personagem.png in Resources */,
				64F873D5231C924200CDBC86 /* JoyGround2_Z-1.png in Resources */,
				566F8D252316CB94000E4D34 /* ground2.png in Resources */,
				64F873EF231CA73D00CDBC86 /* Mushroom_3.png in Resources */,
				562FF486230AE68B00D0838B /* GameScene.sks in Resources */,
				569753B523171AC000FE4457 /* caverna - raiva.png in Resources */,
				562FF492230AE68B00D0838B /* Empurra.png in Resources */,
				64F873E3231C9BE100CDBC86 /* PortalRight.png in Resources */,
				562FF48F230AE68B00D0838B /* Empurra@2x.png in Resources */,
				1FE4089A2305A2CD006331CC /* Main.storyboard in Resources */,
				569753B923171AC000FE4457 /* chao - tristeza@3x.png in Resources */,
				562FF48A230AE68B00D0838B /* chao - raiva.png in Resources */,
				562FF4A4230AE68B00D0838B /* tela@3x.png in Resources */,
				64F873D3231C90C300CDBC86 /* JoyGround1_Z-1.png in Resources */,
				566F8D2C2316D292000E4D34 /* ground3.png in Resources */,
				562FF49F230AE68B00D0838B /* personagem @3x.png in Resources */,
				64F873E7231CA16E00CDBC86 /* Mushroom_1.png in Resources */,
				562FF4A3230AE68B00D0838B /* tela.png in Resources */,
				562FF49A230AE68B00D0838B /* Quebra.png in Resources */,
				569753BB23171AC000FE4457 /* caverna - raiva@2x.png in Resources */,
				64F873D7231C924A00CDBC86 /* JoyGround3_Z-1.png in Resources */,
				562FF4A5230AE68B00D0838B /* tela@2x.png in Resources */,
				562FF49E230AE68B00D0838B /* arvores@3x.png in Resources */,
				64F873F3231CAC8200CDBC86 /* River_1.png in Resources */,
				562FF48B230AE68B00D0838B /* chao - raiva@2x.png in Resources */,
				64F873D1231C8EF200CDBC86 /* GroundJoy2.png in Resources */,
				64F873E9231CA4B300CDBC86 /* Mountain.png in Resources */,
				562FF49D230AE68B00D0838B /* arvores@2x.png in Resources */,
				64F873EE231CA73D00CDBC86 /* Mushroom_2.png in Resources */,
				562FF48C230AE68B00D0838B /* cave.png in Resources */,
				569753B623171AC000FE4457 /* ilha - tristeza@3x.png in Resources */,
				563C841C2317338D00AFFD74 /* ilha - tristeza.png in Resources */,
				562FF4A6230AE68B00D0838B /* isle.png in Resources */,
				64F873CF231C8E1F00CDBC86 /* GroundJoy1.png in Resources */,
				569753B723171AC000FE4457 /* chao - tristeza@2x.png in Resources */,
				569753BA23171AC000FE4457 /* chao - tristeza.png in Resources */,
				64F873E5231C9E3B00CDBC86 /* Trees.png in Resources */,
				566F8D262316CB94000E4D34 /* ground1.png in Resources */,
				569753B823171AC000FE4457 /* caverna - raiva@3x.png in Resources */,
				562FF499230AE68B00D0838B /* chao felicidade.png in Resources */,
				569753B423171AC000FE4457 /* ilha - tristeza@2x.png in Resources */,
				64F873EB231CA61200CDBC86 /* River.png in Resources */,
				64F873F1231CA74500CDBC86 /* Tree.png in Resources */,
				562FF493230AE68B00D0838B /* Quebra@2x.png in Resources */,
				562FF4A0230AE68B00D0838B /* arvores.png in Resources */,
				562FF494230AE68B00D0838B /* chao felicidade@3x.png in Resources */,
				1FE4089C2305A2CF006331CC /* Assets.xcassets in Resources */,
				64F873E1231C974000CDBC86 /* PortalLeft.png in Resources */,
				562FF497230AE68B00D0838B /* chao felicidade@2x.png in Resources */,
				562FF48E230AE68B00D0838B /* Empurra@3x.png in Resources */,
				1FE4089F2305A2CF006331CC /* LaunchScreen.storyboard in Resources */,
			);
			runOnlyForDeploymentPostprocessing = 0;
		};
/* End PBXResourcesBuildPhase section */

/* Begin PBXSourcesBuildPhase section */
		1FE408872305A2CD006331CC /* Sources */ = {
			isa = PBXSourcesBuildPhase;
			buildActionMask = 2147483647;
			files = (
				1FEE6458230EB7420082DFB0 /* OrbComponent.swift in Sources */,
				562FF488230AE68B00D0838B /* GameScene.swift in Sources */,
				562FF484230AE68B00D0838B /* SpriteComponent.swift in Sources */,
				1FEE6457230EB73F0082DFB0 /* OrbEntity.swift in Sources */,
				562FF485230AE68B00D0838B /* MovementComponent.swift in Sources */,
				56741D00230D89F6000393A5 /* CGPointExtensions.swift in Sources */,
				1FE4088F2305A2CD006331CC /* AppDelegate.swift in Sources */,
				562FF489230AE68B00D0838B /* GameViewController.swift in Sources */,
				562FF487230AE68B00D0838B /* PlayerEntity.swift in Sources */,
			);
			runOnlyForDeploymentPostprocessing = 0;
		};
/* End PBXSourcesBuildPhase section */

/* Begin PBXVariantGroup section */
		1FE408982305A2CD006331CC /* Main.storyboard */ = {
			isa = PBXVariantGroup;
			children = (
				1FE408992305A2CD006331CC /* Base */,
			);
			name = Main.storyboard;
			sourceTree = "<group>";
		};
		1FE4089D2305A2CF006331CC /* LaunchScreen.storyboard */ = {
			isa = PBXVariantGroup;
			children = (
				1FE4089E2305A2CF006331CC /* Base */,
			);
			name = LaunchScreen.storyboard;
			sourceTree = "<group>";
		};
/* End PBXVariantGroup section */

/* Begin XCBuildConfiguration section */
		1FE408A12305A2CF006331CC /* Debug */ = {
			isa = XCBuildConfiguration;
			buildSettings = {
				ALWAYS_SEARCH_USER_PATHS = NO;
				CLANG_ANALYZER_NONNULL = YES;
				CLANG_ANALYZER_NUMBER_OBJECT_CONVERSION = YES_AGGRESSIVE;
				CLANG_CXX_LANGUAGE_STANDARD = "gnu++14";
				CLANG_CXX_LIBRARY = "libc++";
				CLANG_ENABLE_MODULES = YES;
				CLANG_ENABLE_OBJC_ARC = YES;
				CLANG_ENABLE_OBJC_WEAK = YES;
				CLANG_WARN_BLOCK_CAPTURE_AUTORELEASING = YES;
				CLANG_WARN_BOOL_CONVERSION = YES;
				CLANG_WARN_COMMA = YES;
				CLANG_WARN_CONSTANT_CONVERSION = YES;
				CLANG_WARN_DEPRECATED_OBJC_IMPLEMENTATIONS = YES;
				CLANG_WARN_DIRECT_OBJC_ISA_USAGE = YES_ERROR;
				CLANG_WARN_DOCUMENTATION_COMMENTS = YES;
				CLANG_WARN_EMPTY_BODY = YES;
				CLANG_WARN_ENUM_CONVERSION = YES;
				CLANG_WARN_INFINITE_RECURSION = YES;
				CLANG_WARN_INT_CONVERSION = YES;
				CLANG_WARN_NON_LITERAL_NULL_CONVERSION = YES;
				CLANG_WARN_OBJC_IMPLICIT_RETAIN_SELF = YES;
				CLANG_WARN_OBJC_LITERAL_CONVERSION = YES;
				CLANG_WARN_OBJC_ROOT_CLASS = YES_ERROR;
				CLANG_WARN_RANGE_LOOP_ANALYSIS = YES;
				CLANG_WARN_STRICT_PROTOTYPES = YES;
				CLANG_WARN_SUSPICIOUS_MOVE = YES;
				CLANG_WARN_UNGUARDED_AVAILABILITY = YES_AGGRESSIVE;
				CLANG_WARN_UNREACHABLE_CODE = YES;
				CLANG_WARN__DUPLICATE_METHOD_MATCH = YES;
				CODE_SIGN_IDENTITY = "iPhone Developer";
				COPY_PHASE_STRIP = NO;
				DEBUG_INFORMATION_FORMAT = dwarf;
				ENABLE_STRICT_OBJC_MSGSEND = YES;
				ENABLE_TESTABILITY = YES;
				GCC_C_LANGUAGE_STANDARD = gnu11;
				GCC_DYNAMIC_NO_PIC = NO;
				GCC_NO_COMMON_BLOCKS = YES;
				GCC_OPTIMIZATION_LEVEL = 0;
				GCC_PREPROCESSOR_DEFINITIONS = (
					"DEBUG=1",
					"$(inherited)",
				);
				GCC_WARN_64_TO_32_BIT_CONVERSION = YES;
				GCC_WARN_ABOUT_RETURN_TYPE = YES_ERROR;
				GCC_WARN_UNDECLARED_SELECTOR = YES;
				GCC_WARN_UNINITIALIZED_AUTOS = YES_AGGRESSIVE;
				GCC_WARN_UNUSED_FUNCTION = YES;
				GCC_WARN_UNUSED_VARIABLE = YES;
				IPHONEOS_DEPLOYMENT_TARGET = 12.4;
				MTL_ENABLE_DEBUG_INFO = INCLUDE_SOURCE;
				MTL_FAST_MATH = YES;
				ONLY_ACTIVE_ARCH = YES;
				SDKROOT = iphoneos;
				SWIFT_ACTIVE_COMPILATION_CONDITIONS = DEBUG;
				SWIFT_OPTIMIZATION_LEVEL = "-Onone";
			};
			name = Debug;
		};
		1FE408A22305A2CF006331CC /* Release */ = {
			isa = XCBuildConfiguration;
			buildSettings = {
				ALWAYS_SEARCH_USER_PATHS = NO;
				CLANG_ANALYZER_NONNULL = YES;
				CLANG_ANALYZER_NUMBER_OBJECT_CONVERSION = YES_AGGRESSIVE;
				CLANG_CXX_LANGUAGE_STANDARD = "gnu++14";
				CLANG_CXX_LIBRARY = "libc++";
				CLANG_ENABLE_MODULES = YES;
				CLANG_ENABLE_OBJC_ARC = YES;
				CLANG_ENABLE_OBJC_WEAK = YES;
				CLANG_WARN_BLOCK_CAPTURE_AUTORELEASING = YES;
				CLANG_WARN_BOOL_CONVERSION = YES;
				CLANG_WARN_COMMA = YES;
				CLANG_WARN_CONSTANT_CONVERSION = YES;
				CLANG_WARN_DEPRECATED_OBJC_IMPLEMENTATIONS = YES;
				CLANG_WARN_DIRECT_OBJC_ISA_USAGE = YES_ERROR;
				CLANG_WARN_DOCUMENTATION_COMMENTS = YES;
				CLANG_WARN_EMPTY_BODY = YES;
				CLANG_WARN_ENUM_CONVERSION = YES;
				CLANG_WARN_INFINITE_RECURSION = YES;
				CLANG_WARN_INT_CONVERSION = YES;
				CLANG_WARN_NON_LITERAL_NULL_CONVERSION = YES;
				CLANG_WARN_OBJC_IMPLICIT_RETAIN_SELF = YES;
				CLANG_WARN_OBJC_LITERAL_CONVERSION = YES;
				CLANG_WARN_OBJC_ROOT_CLASS = YES_ERROR;
				CLANG_WARN_RANGE_LOOP_ANALYSIS = YES;
				CLANG_WARN_STRICT_PROTOTYPES = YES;
				CLANG_WARN_SUSPICIOUS_MOVE = YES;
				CLANG_WARN_UNGUARDED_AVAILABILITY = YES_AGGRESSIVE;
				CLANG_WARN_UNREACHABLE_CODE = YES;
				CLANG_WARN__DUPLICATE_METHOD_MATCH = YES;
				CODE_SIGN_IDENTITY = "iPhone Developer";
				COPY_PHASE_STRIP = NO;
				DEBUG_INFORMATION_FORMAT = "dwarf-with-dsym";
				ENABLE_NS_ASSERTIONS = NO;
				ENABLE_STRICT_OBJC_MSGSEND = YES;
				GCC_C_LANGUAGE_STANDARD = gnu11;
				GCC_NO_COMMON_BLOCKS = YES;
				GCC_WARN_64_TO_32_BIT_CONVERSION = YES;
				GCC_WARN_ABOUT_RETURN_TYPE = YES_ERROR;
				GCC_WARN_UNDECLARED_SELECTOR = YES;
				GCC_WARN_UNINITIALIZED_AUTOS = YES_AGGRESSIVE;
				GCC_WARN_UNUSED_FUNCTION = YES;
				GCC_WARN_UNUSED_VARIABLE = YES;
				IPHONEOS_DEPLOYMENT_TARGET = 12.4;
				MTL_ENABLE_DEBUG_INFO = NO;
				MTL_FAST_MATH = YES;
				SDKROOT = iphoneos;
				SWIFT_COMPILATION_MODE = wholemodule;
				SWIFT_OPTIMIZATION_LEVEL = "-O";
				VALIDATE_PRODUCT = YES;
			};
			name = Release;
		};
		1FE408A42305A2CF006331CC /* Debug */ = {
			isa = XCBuildConfiguration;
			buildSettings = {
				ASSETCATALOG_COMPILER_APPICON_NAME = AppIcon;
				CODE_SIGN_STYLE = Automatic;
				DEVELOPMENT_TEAM = UDGF2JUP82;
				INFOPLIST_FILE = Muffin/Info.plist;
				LD_RUNPATH_SEARCH_PATHS = (
					"$(inherited)",
					"@executable_path/Frameworks",
				);
				PRODUCT_BUNDLE_IDENTIFIER = jubajuba.Muffin;
				PRODUCT_NAME = "$(TARGET_NAME)";
				SWIFT_VERSION = 5.0;
				TARGETED_DEVICE_FAMILY = "1,2";
			};
			name = Debug;
		};
		1FE408A52305A2CF006331CC /* Release */ = {
			isa = XCBuildConfiguration;
			buildSettings = {
				ASSETCATALOG_COMPILER_APPICON_NAME = AppIcon;
				CODE_SIGN_STYLE = Automatic;
				DEVELOPMENT_TEAM = UDGF2JUP82;
				INFOPLIST_FILE = Muffin/Info.plist;
				LD_RUNPATH_SEARCH_PATHS = (
					"$(inherited)",
					"@executable_path/Frameworks",
				);
				PRODUCT_BUNDLE_IDENTIFIER = jubajuba.Muffin;
				PRODUCT_NAME = "$(TARGET_NAME)";
				SWIFT_VERSION = 5.0;
				TARGETED_DEVICE_FAMILY = "1,2";
			};
			name = Release;
		};
/* End XCBuildConfiguration section */

/* Begin XCConfigurationList section */
		1FE408862305A2CD006331CC /* Build configuration list for PBXProject "Muffin" */ = {
			isa = XCConfigurationList;
			buildConfigurations = (
				1FE408A12305A2CF006331CC /* Debug */,
				1FE408A22305A2CF006331CC /* Release */,
			);
			defaultConfigurationIsVisible = 0;
			defaultConfigurationName = Release;
		};
		1FE408A32305A2CF006331CC /* Build configuration list for PBXNativeTarget "Muffin" */ = {
			isa = XCConfigurationList;
			buildConfigurations = (
				1FE408A42305A2CF006331CC /* Debug */,
				1FE408A52305A2CF006331CC /* Release */,
			);
			defaultConfigurationIsVisible = 0;
			defaultConfigurationName = Release;
		};
/* End XCConfigurationList section */
	};
	rootObject = 1FE408832305A2CD006331CC /* Project object */;
}
